lockfileVersion: '9.0'

settings:
  autoInstallPeers: true
  excludeLinksFromLockfile: false

importers:

  .:
    dependencies:
      '@tauri-apps/api':
        specifier: ^2
        version: 2.11.1
    devDependencies:
      signalium:
        specifier: ^3.0.1
        version: 3.0.3
      typescript:
        specifier: ^5.6.0
        version: 5.9.3

packages:

  '@tauri-apps/api@2.11.1':
    resolution: {integrity: sha512-M2FPuYND2m+wh5hfW9ZpSdxMPdEJovPBWwoHJmwUpysTYNHaOkVFN419m/K0LIgjb/7KU2vBgsUepJWugQCvAA==}

  signalium@3.0.3:
    resolution: {integrity: sha512-hmseMzywyYnJaPX3Q3mtsvzLGRLrhgSZZmsgMkLrlkTmruVNHSiaQpuSWWGMUltKNwNjHLWhKkB4VieeZ/lwmQ==}
    peerDependencies:
      react: '>=19.0.0'
    peerDependenciesMeta:
      react:
        optional: true

  typescript@5.9.3:
    resolution: {integrity: sha512-jl1vZzPDinLr9eUt3J/t7V6FgNEw9QjvBPdysz9KfQDD41fQrC2Y4vKQdiaUpFT4bXlb1RHhLpp8wtm6M5TgSw==}
    engines: {node: '>=14.17'}
    hasBin: true

snapshots:

  '@tauri-apps/api@2.11.1': {}

  signalium@3.0.3: {}

  typescript@5.9.3: {}
